// !$*UTF8*$!
{
	archiveVersion = 1;
	classes = {
	};
	objectVersion = 48;
	objects = {

/* Begin PBXBuildFile section */
		713AC83E202D4684000F8C71 /* Main.storyboard in Resources */ = {isa = PBXBuildFile; fileRef = 713AC83C202D4684000F8C71 /* Main.storyboard */; };
		713AC846202D4684000F8C71 /* LaunchScreen.storyboard in Resources */ = {isa = PBXBuildFile; fileRef = 713AC844202D4684000F8C71 /* LaunchScreen.storyboard */; };
		713AC855202D479A000F8C71 /* AppDelegate.swift in Sources */ = {isa = PBXBuildFile; fileRef = 713AC854202D479A000F8C71 /* AppDelegate.swift */; };
		713AC857202D47C2000F8C71 /* Assets.xcassets in Resources */ = {isa = PBXBuildFile; fileRef = 713AC856202D47C2000F8C71 /* Assets.xcassets */; };
		713AC85C202D47D6000F8C71 /* NewUserViewController.swift in Sources */ = {isa = PBXBuildFile; fileRef = 713AC859202D47D6000F8C71 /* NewUserViewController.swift */; };
		713AC85D202D47D6000F8C71 /* InitialViewController.swift in Sources */ = {isa = PBXBuildFile; fileRef = 713AC85A202D47D6000F8C71 /* InitialViewController.swift */; };
		713AC85E202D47D6000F8C71 /* PlantViewController.swift in Sources */ = {isa = PBXBuildFile; fileRef = 713AC85B202D47D6000F8C71 /* PlantViewController.swift */; };
		7186457E202EAAE20098921F /* Model.xcdatamodeld in Sources */ = {isa = PBXBuildFile; fileRef = 7186457C202EAAE20098921F /* Model.xcdatamodeld */; };
/* End PBXBuildFile section */

/* Begin PBXFileReference section */
		713AC835202D4684000F8C71 /* happy-ivy.app */ = {isa = PBXFileReference; explicitFileType = wrapper.application; includeInIndex = 0; path = "happy-ivy.app"; sourceTree = BUILT_PRODUCTS_DIR; };
		713AC83D202D4684000F8C71 /* Base */ = {isa = PBXFileReference; lastKnownFileType = file.storyboard; name = Base; path = Base.lproj/Main.storyboard; sourceTree = "<group>"; };
		713AC845202D4684000F8C71 /* Base */ = {isa = PBXFileReference; lastKnownFileType = file.storyboard; name = Base; path = Base.lproj/LaunchScreen.storyboard; sourceTree = "<group>"; };
		713AC847202D4684000F8C71 /* Info.plist */ = {isa = PBXFileReference; lastKnownFileType = text.plist.xml; path = Info.plist; sourceTree = "<group>"; };
		713AC854202D479A000F8C71 /* AppDelegate.swift */ = {isa = PBXFileReference; fileEncoding = 4; lastKnownFileType = sourcecode.swift; path = AppDelegate.swift; sourceTree = "<group>"; };
		713AC856202D47C2000F8C71 /* Assets.xcassets */ = {isa = PBXFileReference; lastKnownFileType = folder.assetcatalog; path = Assets.xcassets; sourceTree = "<group>"; };
		713AC859202D47D6000F8C71 /* NewUserViewController.swift */ = {isa = PBXFileReference; fileEncoding = 4; lastKnownFileType = sourcecode.swift; path = NewUserViewController.swift; sourceTree = "<group>"; };
		713AC85A202D47D6000F8C71 /* InitialViewController.swift */ = {isa = PBXFileReference; fileEncoding = 4; lastKnownFileType = sourcecode.swift; path = InitialViewController.swift; sourceTree = "<group>"; };
		713AC85B202D47D6000F8C71 /* PlantViewController.swift */ = {isa = PBXFileReference; fileEncoding = 4; lastKnownFileType = sourcecode.swift; path = PlantViewController.swift; sourceTree = "<group>"; };
		7186457D202EAAE20098921F /* Model.xcdatamodel */ = {isa = PBXFileReference; lastKnownFileType = wrapper.xcdatamodel; path = Model.xcdatamodel; sourceTree = "<group>"; };
/* End PBXFileReference section */

/* Begin PBXFrameworksBuildPhase section */
		713AC832202D4684000F8C71 /* Frameworks */ = {
			isa = PBXFrameworksBuildPhase;
			buildActionMask = 2147483647;
			files = (
			);
			runOnlyForDeploymentPostprocessing = 0;
		};
/* End PBXFrameworksBuildPhase section */

/* Begin PBXGroup section */
		713AC82C202D4684000F8C71 = {
			isa = PBXGroup;
			children = (
				713AC837202D4684000F8C71 /* happy-ivy */,
				713AC836202D4684000F8C71 /* Products */,
			);
			sourceTree = "<group>";
		};
		713AC836202D4684000F8C71 /* Products */ = {
			isa = PBXGroup;
			children = (
				713AC835202D4684000F8C71 /* happy-ivy.app */,
			);
			name = Products;
			sourceTree = "<group>";
		};
		713AC837202D4684000F8C71 /* happy-ivy */ = {
			isa = PBXGroup;
			children = (
				713AC854202D479A000F8C71 /* AppDelegate.swift */,
				713AC858202D47D6000F8C71 /* Controllers */,
				713AC83C202D4684000F8C71 /* Main.storyboard */,
				713AC856202D47C2000F8C71 /* Assets.xcassets */,
				713AC844202D4684000F8C71 /* LaunchScreen.storyboard */,
				7186457C202EAAE20098921F /* Model.xcdatamodeld */,
				713AC847202D4684000F8C71 /* Info.plist */,
			);
			path = "happy-ivy";
			sourceTree = "<group>";
		};
		713AC858202D47D6000F8C71 /* Controllers */ = {
			isa = PBXGroup;
			children = (
				713AC859202D47D6000F8C71 /* NewUserViewController.swift */,
				713AC85A202D47D6000F8C71 /* InitialViewController.swift */,
				713AC85B202D47D6000F8C71 /* PlantViewController.swift */,
			);
			path = Controllers;
			sourceTree = "<group>";
		};
/* End PBXGroup section */

/* Begin PBXNativeTarget section */
		713AC834202D4684000F8C71 /* happy-ivy */ = {
			isa = PBXNativeTarget;
			buildConfigurationList = 713AC84A202D4684000F8C71 /* Build configuration list for PBXNativeTarget "happy-ivy" */;
			buildPhases = (
				713AC831202D4684000F8C71 /* Sources */,
				713AC832202D4684000F8C71 /* Frameworks */,
				713AC833202D4684000F8C71 /* Resources */,
			);
			buildRules = (
			);
			dependencies = (
			);
			name = "happy-ivy";
			productName = "happy-ivy";
			productReference = 713AC835202D4684000F8C71 /* happy-ivy.app */;
			productType = "com.apple.product-type.application";
		};
/* End PBXNativeTarget section */

/* Begin PBXProject section */
		713AC82D202D4684000F8C71 /* Project object */ = {
			isa = PBXProject;
			attributes = {
				LastSwiftUpdateCheck = 0920;
				LastUpgradeCheck = 0920;
				ORGANIZATIONNAME = Jake;
				TargetAttributes = {
					713AC834202D4684000F8C71 = {
						CreatedOnToolsVersion = 9.2;
						ProvisioningStyle = Automatic;
					};
				};
			};
			buildConfigurationList = 713AC830202D4684000F8C71 /* Build configuration list for PBXProject "happy-ivy" */;
			compatibilityVersion = "Xcode 8.0";
			developmentRegion = en;
			hasScannedForEncodings = 0;
			knownRegions = (
				en,
				Base,
			);
			mainGroup = 713AC82C202D4684000F8C71;
			productRefGroup = 713AC836202D4684000F8C71 /* Products */;
			projectDirPath = "";
			projectRoot = "";
			targets = (
				713AC834202D4684000F8C71 /* happy-ivy */,
			);
		};
/* End PBXProject section */

/* Begin PBXResourcesBuildPhase section */
		713AC833202D4684000F8C71 /* Resources */ = {
			isa = PBXResourcesBuildPhase;
			buildActionMask = 2147483647;
			files = (
				713AC846202D4684000F8C71 /* LaunchScreen.storyboard in Resources */,
				713AC857202D47C2000F8C71 /* Assets.xcassets in Resources */,
				713AC83E202D4684000F8C71 /* Main.storyboard in Resources */,
			);
			runOnlyForDeploymentPostprocessing = 0;
		};
/* End PBXResourcesBuildPhase section */

/* Begin PBXSourcesBuildPhase section */
		713AC831202D4684000F8C71 /* Sources */ = {
			isa = PBXSourcesBuildPhase;
			buildActionMask = 2147483647;
			files = (
				713AC855202D479A000F8C71 /* AppDelegate.swift in Sources */,
				713AC85C202D47D6000F8C71 /* NewUserViewController.swift in Sources */,
				7186457E202EAAE20098921F /* Model.xcdatamodeld in Sources */,
				713AC85E202D47D6000F8C71 /* PlantViewController.swift in Sources */,
				713AC85D202D47D6000F8C71 /* InitialViewController.swift in Sources */,
			);
			runOnlyForDeploymentPostprocessing = 0;
		};
/* End PBXSourcesBuildPhase section */

/* Begin PBXVariantGroup section */
		713AC83C202D4684000F8C71 /* Main.storyboard */ = {
			isa = PBXVariantGroup;
			children = (
				713AC83D202D4684000F8C71 /* Base */,
			);
			name = Main.storyboard;
			sourceTree = "<group>";
		};
		713AC844202D4684000F8C71 /* LaunchScreen.storyboard */ = {
			isa = PBXVariantGroup;
			children = (
				713AC845202D4684000F8C71 /* Base */,
			);
			name = LaunchScreen.storyboard;
			sourceTree = "<group>";
		};
/* End PBXVariantGroup section */

/* Begin XCBuildConfiguration section */
		713AC848202D4684000F8C71 /* Debug */ = {
			isa = XCBuildConfiguration;
			buildSettings = {
				ALWAYS_SEARCH_USER_PATHS = NO;
				CLANG_ANALYZER_NONNULL = YES;
				CLANG_ANALYZER_NUMBER_OBJECT_CONVERSION = YES_AGGRESSIVE;
				CLANG_CXX_LANGUAGE_STANDARD = "gnu++14";
				CLANG_CXX_LIBRARY = "libc++";
				CLANG_ENABLE_MODULES = YES;
				CLANG_ENABLE_OBJC_ARC = YES;
				CLANG_WARN_BLOCK_CAPTURE_AUTORELEASING = YES;
				CLANG_WARN_BOOL_CONVERSION = YES;
				CLANG_WARN_COMMA = YES;
				CLANG_WARN_CONSTANT_CONVERSION = YES;
				CLANG_WARN_DIRECT_OBJC_ISA_USAGE = YES_ERROR;
				CLANG_WARN_DOCUMENTATION_COMMENTS = YES;
				CLANG_WARN_EMPTY_BODY = YES;
				CLANG_WARN_ENUM_CONVERSION = YES;
				CLANG_WARN_INFINITE_RECURSION = YES;
				CLANG_WARN_INT_CONVERSION = YES;
				CLANG_WARN_NON_LITERAL_NULL_CONVERSION = YES;
				CLANG_WARN_OBJC_LITERAL_CONVERSION = YES;
				CLANG_WARN_OBJC_ROOT_CLASS = YES_ERROR;
				CLANG_WARN_RANGE_LOOP_ANALYSIS = YES;
				CLANG_WARN_STRICT_PROTOTYPES = YES;
				CLANG_WARN_SUSPICIOUS_MOVE = YES;
				CLANG_WARN_UNGUARDED_AVAILABILITY = YES_AGGRESSIVE;
				CLANG_WARN_UNREACHABLE_CODE = YES;
				CLANG_WARN__DUPLICATE_METHOD_MATCH = YES;
				CODE_SIGN_IDENTITY = "iPhone Developer";
				COPY_PHASE_STRIP = NO;
				DEBUG_INFORMATION_FORMAT = dwarf;
				ENABLE_STRICT_OBJC_MSGSEND = YES;
				ENABLE_TESTABILITY = YES;
				GCC_C_LANGUAGE_STANDARD = gnu11;
				GCC_DYNAMIC_NO_PIC = NO;
				GCC_NO_COMMON_BLOCKS = YES;
				GCC_OPTIMIZATION_LEVEL = 0;
				GCC_PREPROCESSOR_DEFINITIONS = (
					"DEBUG=1",
					"$(inherited)",
				);
				GCC_WARN_64_TO_32_BIT_CONVERSION = YES;
				GCC_WARN_ABOUT_RETURN_TYPE = YES_ERROR;
				GCC_WARN_UNDECLARED_SELECTOR = YES;
				GCC_WARN_UNINITIALIZED_AUTOS = YES_AGGRESSIVE;
				GCC_WARN_UNUSED_FUNCTION = YES;
				GCC_WARN_UNUSED_VARIABLE = YES;
				IPHONEOS_DEPLOYMENT_TARGET = 11.2;
				MTL_ENABLE_DEBUG_INFO = YES;
				ONLY_ACTIVE_ARCH = YES;
				SDKROOT = iphoneos;
				SWIFT_ACTIVE_COMPILATION_CONDITIONS = DEBUG;
				SWIFT_OPTIMIZATION_LEVEL = "-Onone";
			};
			name = Debug;
		};
		713AC849202D4684000F8C71 /* Release */ = {
			isa = XCBuildConfiguration;
			buildSettings = {
				ALWAYS_SEARCH_USER_PATHS = NO;
				CLANG_ANALYZER_NONNULL = YES;
				CLANG_ANALYZER_NUMBER_OBJECT_CONVERSION = YES_AGGRESSIVE;
				CLANG_CXX_LANGUAGE_STANDARD = "gnu++14";
				CLANG_CXX_LIBRARY = "libc++";
				CLANG_ENABLE_MODULES = YES;
				CLANG_ENABLE_OBJC_ARC = YES;
				CLANG_WARN_BLOCK_CAPTURE_AUTORELEASING = YES;
				CLANG_WARN_BOOL_CONVERSION = YES;
				CLANG_WARN_COMMA = YES;
				CLANG_WARN_CONSTANT_CONVERSION = YES;
				CLANG_WARN_DIRECT_OBJC_ISA_USAGE = YES_ERROR;
				CLANG_WARN_DOCUMENTATION_COMMENTS = YES;
				CLANG_WARN_EMPTY_BODY = YES;
				CLANG_WARN_ENUM_CONVERSION = YES;
				CLANG_WARN_INFINITE_RECURSION = YES;
				CLANG_WARN_INT_CONVERSION = YES;
				CLANG_WARN_NON_LITERAL_NULL_CONVERSION = YES;
				CLANG_WARN_OBJC_LITERAL_CONVERSION = YES;
				CLANG_WARN_OBJC_ROOT_CLASS = YES_ERROR;
				CLANG_WARN_RANGE_LOOP_ANALYSIS = YES;
				CLANG_WARN_STRICT_PROTOTYPES = YES;
				CLANG_WARN_SUSPICIOUS_MOVE = YES;
				CLANG_WARN_UNGUARDED_AVAILABILITY = YES_AGGRESSIVE;
				CLANG_WARN_UNREACHABLE_CODE = YES;
				CLANG_WARN__DUPLICATE_METHOD_MATCH = YES;
				CODE_SIGN_IDENTITY = "iPhone Developer";
				COPY_PHASE_STRIP = NO;
				DEBUG_INFORMATION_FORMAT = "dwarf-with-dsym";
				ENABLE_NS_ASSERTIONS = NO;
				ENABLE_STRICT_OBJC_MSGSEND = YES;
				GCC_C_LANGUAGE_STANDARD = gnu11;
				GCC_NO_COMMON_BLOCKS = YES;
				GCC_WARN_64_TO_32_BIT_CONVERSION = YES;
				GCC_WARN_ABOUT_RETURN_TYPE = YES_ERROR;
				GCC_WARN_UNDECLARED_SELECTOR = YES;
				GCC_WARN_UNINITIALIZED_AUTOS = YES_AGGRESSIVE;
				GCC_WARN_UNUSED_FUNCTION = YES;
				GCC_WARN_UNUSED_VARIABLE = YES;
				IPHONEOS_DEPLOYMENT_TARGET = 11.2;
				MTL_ENABLE_DEBUG_INFO = NO;
				SDKROOT = iphoneos;
				SWIFT_OPTIMIZATION_LEVEL = "-Owholemodule";
				VALIDATE_PRODUCT = YES;
			};
			name = Release;
		};
		713AC84B202D4684000F8C71 /* Debug */ = {
			isa = XCBuildConfiguration;
			buildSettings = {
				ASSETCATALOG_COMPILER_APPICON_NAME = AppIcon;
				CODE_SIGN_STYLE = Automatic;
				DEVELOPMENT_TEAM = F3M935826C;
				INFOPLIST_FILE = "happy-ivy/Info.plist";
				LD_RUNPATH_SEARCH_PATHS = "$(inherited) @executable_path/Frameworks";
				PRODUCT_BUNDLE_IDENTIFIER = "com.jakejohnson.happy-ivy";
				PRODUCT_NAME = "$(TARGET_NAME)";
				SWIFT_VERSION = 4.0;
				TARGETED_DEVICE_FAMILY = "1,2";
			};
			name = Debug;
		};
		713AC84C202D4684000F8C71 /* Release */ = {
			isa = XCBuildConfiguration;
			buildSettings = {
				ASSETCATALOG_COMPILER_APPICON_NAME = AppIcon;
				CODE_SIGN_STYLE = Automatic;
				DEVELOPMENT_TEAM = F3M935826C;
				INFOPLIST_FILE = "happy-ivy/Info.plist";
				LD_RUNPATH_SEARCH_PATHS = "$(inherited) @executable_path/Frameworks";
				PRODUCT_BUNDLE_IDENTIFIER = "com.jakejohnson.happy-ivy";
				PRODUCT_NAME = "$(TARGET_NAME)";
				SWIFT_VERSION = 4.0;
				TARGETED_DEVICE_FAMILY = "1,2";
			};
			name = Release;
		};
/* End XCBuildConfiguration section */

/* Begin XCConfigurationList section */
		713AC830202D4684000F8C71 /* Build configuration list for PBXProject "happy-ivy" */ = {
			isa = XCConfigurationList;
			buildConfigurations = (
				713AC848202D4684000F8C71 /* Debug */,
				713AC849202D4684000F8C71 /* Release */,
			);
			defaultConfigurationIsVisible = 0;
			defaultConfigurationName = Release;
		};
		713AC84A202D4684000F8C71 /* Build configuration list for PBXNativeTarget "happy-ivy" */ = {
			isa = XCConfigurationList;
			buildConfigurations = (
				713AC84B202D4684000F8C71 /* Debug */,
				713AC84C202D4684000F8C71 /* Release */,
			);
			defaultConfigurationIsVisible = 0;
			defaultConfigurationName = Release;
		};
/* End XCConfigurationList section */

/* Begin XCVersionGroup section */
		7186457C202EAAE20098921F /* Model.xcdatamodeld */ = {
			isa = XCVersionGroup;
			children = (
				7186457D202EAAE20098921F /* Model.xcdatamodel */,
			);
			currentVersion = 7186457D202EAAE20098921F /* Model.xcdatamodel */;
			path = Model.xcdatamodeld;
			sourceTree = "<group>";
			versionGroupType = wrapper.xcdatamodel;
		};
/* End XCVersionGroup section */
	};
	rootObject = 713AC82D202D4684000F8C71 /* Project object */;
}
